// !$*UTF8*$!
{
	archiveVersion = 1;
	classes = {
	};
	objectVersion = 46;
	objects = {

/* Begin PBXBuildFile section */
		631B617B1C1F02C90044F53C /* main.m in Sources */ = {isa = PBXBuildFile; fileRef = 631B617A1C1F02C90044F53C /* main.m */; };
		631B617E1C1F02C90044F53C /* AppDelegate.m in Sources */ = {isa = PBXBuildFile; fileRef = 631B617D1C1F02C90044F53C /* AppDelegate.m */; };
		631B61811C1F02C90044F53C /* ViewController.m in Sources */ = {isa = PBXBuildFile; fileRef = 631B61801C1F02C90044F53C /* ViewController.m */; };
		631B61861C1F02C90044F53C /* Assets.xcassets in Resources */ = {isa = PBXBuildFile; fileRef = 631B61851C1F02C90044F53C /* Assets.xcassets */; };
		631B61891C1F02C90044F53C /* LaunchScreen.storyboard in Resources */ = {isa = PBXBuildFile; fileRef = 631B61871C1F02C90044F53C /* LaunchScreen.storyboard */; };
		631B61941C1F02C90044F53C /* DavidPlaceholderTextViewTests.m in Sources */ = {isa = PBXBuildFile; fileRef = 631B61931C1F02C90044F53C /* DavidPlaceholderTextViewTests.m */; };
		631B619F1C1F02C90044F53C /* DavidPlaceholderTextViewUITests.m in Sources */ = {isa = PBXBuildFile; fileRef = 631B619E1C1F02C90044F53C /* DavidPlaceholderTextViewUITests.m */; };
		631B61AF1C1F03310044F53C /* DavidPlaceholderTextView.m in Sources */ = {isa = PBXBuildFile; fileRef = 631B61AE1C1F03310044F53C /* DavidPlaceholderTextView.m */; };
/* End PBXBuildFile section */

/* Begin PBXContainerItemProxy section */
		631B61901C1F02C90044F53C /* PBXContainerItemProxy */ = {
			isa = PBXContainerItemProxy;
			containerPortal = 631B616E1C1F02C90044F53C /* Project object */;
			proxyType = 1;
			remoteGlobalIDString = 631B61751C1F02C90044F53C;
			remoteInfo = DavidPlaceholderTextView;
		};
		631B619B1C1F02C90044F53C /* PBXContainerItemProxy */ = {
			isa = PBXContainerItemProxy;
			containerPortal = 631B616E1C1F02C90044F53C /* Project object */;
			proxyType = 1;
			remoteGlobalIDString = 631B61751C1F02C90044F53C;
			remoteInfo = DavidPlaceholderTextView;
		};
/* End PBXContainerItemProxy section */

/* Begin PBXFileReference section */
		631B61761C1F02C90044F53C /* DavidPlaceholderTextView.app */ = {isa = PBXFileReference; explicitFileType = wrapper.application; includeInIndex = 0; path = DavidPlaceholderTextView.app; sourceTree = BUILT_PRODUCTS_DIR; };
		631B617A1C1F02C90044F53C /* main.m */ = {isa = PBXFileReference; lastKnownFileType = sourcecode.c.objc; path = main.m; sourceTree = "<group>"; };
		631B617C1C1F02C90044F53C /* AppDelegate.h */ = {isa = PBXFileReference; lastKnownFileType = sourcecode.c.h; path = AppDelegate.h; sourceTree = "<group>"; };
		631B617D1C1F02C90044F53C /* AppDelegate.m */ = {isa = PBXFileReference; lastKnownFileType = sourcecode.c.objc; path = AppDelegate.m; sourceTree = "<group>"; };
		631B617F1C1F02C90044F53C /* ViewController.h */ = {isa = PBXFileReference; lastKnownFileType = sourcecode.c.h; path = ViewController.h; sourceTree = "<group>"; };
		631B61801C1F02C90044F53C /* ViewController.m */ = {isa = PBXFileReference; lastKnownFileType = sourcecode.c.objc; path = ViewController.m; sourceTree = "<group>"; };
		631B61851C1F02C90044F53C /* Assets.xcassets */ = {isa = PBXFileReference; lastKnownFileType = folder.assetcatalog; path = Assets.xcassets; sourceTree = "<group>"; };
		631B61881C1F02C90044F53C /* Base */ = {isa = PBXFileReference; lastKnownFileType = file.storyboard; name = Base; path = Base.lproj/LaunchScreen.storyboard; sourceTree = "<group>"; };
		631B618A1C1F02C90044F53C /* Info.plist */ = {isa = PBXFileReference; lastKnownFileType = text.plist.xml; path = Info.plist; sourceTree = "<group>"; };
		631B618F1C1F02C90044F53C /* DavidPlaceholderTextViewTests.xctest */ = {isa = PBXFileReference; explicitFileType = wrapper.cfbundle; includeInIndex = 0; path = DavidPlaceholderTextViewTests.xctest; sourceTree = BUILT_PRODUCTS_DIR; };
		631B61931C1F02C90044F53C /* DavidPlaceholderTextViewTests.m */ = {isa = PBXFileReference; lastKnownFileType = sourcecode.c.objc; path = DavidPlaceholderTextViewTests.m; sourceTree = "<group>"; };
		631B61951C1F02C90044F53C /* Info.plist */ = {isa = PBXFileReference; lastKnownFileType = text.plist.xml; path = Info.plist; sourceTree = "<group>"; };
		631B619A1C1F02C90044F53C /* DavidPlaceholderTextViewUITests.xctest */ = {isa = PBXFileReference; explicitFileType = wrapper.cfbundle; includeInIndex = 0; path = DavidPlaceholderTextViewUITests.xctest; sourceTree = BUILT_PRODUCTS_DIR; };
		631B619E1C1F02C90044F53C /* DavidPlaceholderTextViewUITests.m */ = {isa = PBXFileReference; lastKnownFileType = sourcecode.c.objc; path = DavidPlaceholderTextViewUITests.m; sourceTree = "<group>"; };
		631B61A01C1F02C90044F53C /* Info.plist */ = {isa = PBXFileReference; lastKnownFileType = text.plist.xml; path = Info.plist; sourceTree = "<group>"; };
		631B61AD1C1F03310044F53C /* DavidPlaceholderTextView.h */ = {isa = PBXFileReference; fileEncoding = 4; lastKnownFileType = sourcecode.c.h; path = DavidPlaceholderTextView.h; sourceTree = "<group>"; };
		631B61AE1C1F03310044F53C /* DavidPlaceholderTextView.m */ = {isa = PBXFileReference; fileEncoding = 4; lastKnownFileType = sourcecode.c.objc; path = DavidPlaceholderTextView.m; sourceTree = "<group>"; };
/* End PBXFileReference section */

/* Begin PBXFrameworksBuildPhase section */
		631B61731C1F02C90044F53C /* Frameworks */ = {
			isa = PBXFrameworksBuildPhase;
			buildActionMask = 2147483647;
			files = (
			);
			runOnlyForDeploymentPostprocessing = 0;
		};
		631B618C1C1F02C90044F53C /* Frameworks */ = {
			isa = PBXFrameworksBuildPhase;
			buildActionMask = 2147483647;
			files = (
			);
			runOnlyForDeploymentPostprocessing = 0;
		};
		631B61971C1F02C90044F53C /* Frameworks */ = {
			isa = PBXFrameworksBuildPhase;
			buildActionMask = 2147483647;
			files = (
			);
			runOnlyForDeploymentPostprocessing = 0;
		};
/* End PBXFrameworksBuildPhase section */

/* Begin PBXGroup section */
		631B616D1C1F02C90044F53C = {
			isa = PBXGroup;
			children = (
				631B61781C1F02C90044F53C /* DavidPlaceholderTextView */,
				631B61921C1F02C90044F53C /* DavidPlaceholderTextViewTests */,
				631B619D1C1F02C90044F53C /* DavidPlaceholderTextViewUITests */,
				631B61771C1F02C90044F53C /* Products */,
			);
			sourceTree = "<group>";
		};
		631B61771C1F02C90044F53C /* Products */ = {
			isa = PBXGroup;
			children = (
				631B61761C1F02C90044F53C /* DavidPlaceholderTextView.app */,
				631B618F1C1F02C90044F53C /* DavidPlaceholderTextViewTests.xctest */,
				631B619A1C1F02C90044F53C /* DavidPlaceholderTextViewUITests.xctest */,
			);
			name = Products;
			sourceTree = "<group>";
		};
		631B61781C1F02C90044F53C /* DavidPlaceholderTextView */ = {
			isa = PBXGroup;
			children = (
				631B61AC1C1F02FE0044F53C /* DavidPlacehloderTextView */,
				631B617C1C1F02C90044F53C /* AppDelegate.h */,
				631B617D1C1F02C90044F53C /* AppDelegate.m */,
				631B617F1C1F02C90044F53C /* ViewController.h */,
				631B61801C1F02C90044F53C /* ViewController.m */,
				631B61851C1F02C90044F53C /* Assets.xcassets */,
				631B61871C1F02C90044F53C /* LaunchScreen.storyboard */,
				631B618A1C1F02C90044F53C /* Info.plist */,
				631B61791C1F02C90044F53C /* Supporting Files */,
			);
			path = DavidPlaceholderTextView;
			sourceTree = "<group>";
		};
		631B61791C1F02C90044F53C /* Supporting Files */ = {
			isa = PBXGroup;
			children = (
				631B617A1C1F02C90044F53C /* main.m */,
			);
			name = "Supporting Files";
			sourceTree = "<group>";
		};
		631B61921C1F02C90044F53C /* DavidPlaceholderTextViewTests */ = {
			isa = PBXGroup;
			children = (
				631B61931C1F02C90044F53C /* DavidPlaceholderTextViewTests.m */,
				631B61951C1F02C90044F53C /* Info.plist */,
			);
			path = DavidPlaceholderTextViewTests;
			sourceTree = "<group>";
		};
		631B619D1C1F02C90044F53C /* DavidPlaceholderTextViewUITests */ = {
			isa = PBXGroup;
			children = (
				631B619E1C1F02C90044F53C /* DavidPlaceholderTextViewUITests.m */,
				631B61A01C1F02C90044F53C /* Info.plist */,
			);
			path = DavidPlaceholderTextViewUITests;
			sourceTree = "<group>";
		};
		631B61AC1C1F02FE0044F53C /* DavidPlacehloderTextView */ = {
			isa = PBXGroup;
			children = (
				631B61AD1C1F03310044F53C /* DavidPlaceholderTextView.h */,
				631B61AE1C1F03310044F53C /* DavidPlaceholderTextView.m */,
			);
			name = DavidPlacehloderTextView;
			sourceTree = "<group>";
		};
/* End PBXGroup section */

/* Begin PBXNativeTarget section */
		631B61751C1F02C90044F53C /* DavidPlaceholderTextView */ = {
			isa = PBXNativeTarget;
			buildConfigurationList = 631B61A31C1F02C90044F53C /* Build configuration list for PBXNativeTarget "DavidPlaceholderTextView" */;
			buildPhases = (
				631B61721C1F02C90044F53C /* Sources */,
				631B61731C1F02C90044F53C /* Frameworks */,
				631B61741C1F02C90044F53C /* Resources */,
			);
			buildRules = (
			);
			dependencies = (
			);
			name = DavidPlaceholderTextView;
			productName = DavidPlaceholderTextView;
			productReference = 631B61761C1F02C90044F53C /* DavidPlaceholderTextView.app */;
			productType = "com.apple.product-type.application";
		};
		631B618E1C1F02C90044F53C /* DavidPlaceholderTextViewTests */ = {
			isa = PBXNativeTarget;
			buildConfigurationList = 631B61A61C1F02C90044F53C /* Build configuration list for PBXNativeTarget "DavidPlaceholderTextViewTests" */;
			buildPhases = (
				631B618B1C1F02C90044F53C /* Sources */,
				631B618C1C1F02C90044F53C /* Frameworks */,
				631B618D1C1F02C90044F53C /* Resources */,
			);
			buildRules = (
			);
			dependencies = (
				631B61911C1F02C90044F53C /* PBXTargetDependency */,
			);
			name = DavidPlaceholderTextViewTests;
			productName = DavidPlaceholderTextViewTests;
			productReference = 631B618F1C1F02C90044F53C /* DavidPlaceholderTextViewTests.xctest */;
			productType = "com.apple.product-type.bundle.unit-test";
		};
		631B61991C1F02C90044F53C /* DavidPlaceholderTextViewUITests */ = {
			isa = PBXNativeTarget;
			buildConfigurationList = 631B61A91C1F02C90044F53C /* Build configuration list for PBXNativeTarget "DavidPlaceholderTextViewUITests" */;
			buildPhases = (
				631B61961C1F02C90044F53C /* Sources */,
				631B61971C1F02C90044F53C /* Frameworks */,
				631B61981C1F02C90044F53C /* Resources */,
			);
			buildRules = (
			);
			dependencies = (
				631B619C1C1F02C90044F53C /* PBXTargetDependency */,
			);
			name = DavidPlaceholderTextViewUITests;
			productName = DavidPlaceholderTextViewUITests;
			productReference = 631B619A1C1F02C90044F53C /* DavidPlaceholderTextViewUITests.xctest */;
			productType = "com.apple.product-type.bundle.ui-testing";
		};
/* End PBXNativeTarget section */

/* Begin PBXProject section */
		631B616E1C1F02C90044F53C /* Project object */ = {
			isa = PBXProject;
			attributes = {
				LastUpgradeCheck = 0720;
				ORGANIZATIONNAME = DavidLee;
				TargetAttributes = {
					631B61751C1F02C90044F53C = {
						CreatedOnToolsVersion = 7.2;
					};
					631B618E1C1F02C90044F53C = {
						CreatedOnToolsVersion = 7.2;
						TestTargetID = 631B61751C1F02C90044F53C;
					};
					631B61991C1F02C90044F53C = {
						CreatedOnToolsVersion = 7.2;
						TestTargetID = 631B61751C1F02C90044F53C;
					};
				};
			};
			buildConfigurationList = 631B61711C1F02C90044F53C /* Build configuration list for PBXProject "DavidPlaceholderTextView" */;
			compatibilityVersion = "Xcode 3.2";
			developmentRegion = English;
			hasScannedForEncodings = 0;
			knownRegions = (
				en,
				Base,
			);
			mainGroup = 631B616D1C1F02C90044F53C;
			productRefGroup = 631B61771C1F02C90044F53C /* Products */;
			projectDirPath = "";
			projectRoot = "";
			targets = (
				631B61751C1F02C90044F53C /* DavidPlaceholderTextView */,
				631B618E1C1F02C90044F53C /* DavidPlaceholderTextViewTests */,
				631B61991C1F02C90044F53C /* DavidPlaceholderTextViewUITests */,
			);
		};
/* End PBXProject section */

/* Begin PBXResourcesBuildPhase section */
		631B61741C1F02C90044F53C /* Resources */ = {
			isa = PBXResourcesBuildPhase;
			buildActionMask = 2147483647;
			files = (
				631B61891C1F02C90044F53C /* LaunchScreen.storyboard in Resources */,
				631B61861C1F02C90044F53C /* Assets.xcassets in Resources */,
			);
			runOnlyForDeploymentPostprocessing = 0;
		};
		631B618D1C1F02C90044F53C /* Resources */ = {
			isa = PBXResourcesBuildPhase;
			buildActionMask = 2147483647;
			files = (
			);
			runOnlyForDeploymentPostprocessing = 0;
		};
		631B61981C1F02C90044F53C /* Resources */ = {
			isa = PBXResourcesBuildPhase;
			buildActionMask = 2147483647;
			files = (
			);
			runOnlyForDeploymentPostprocessing = 0;
		};
/* End PBXResourcesBuildPhase section */

/* Begin PBXSourcesBuildPhase section */
		631B61721C1F02C90044F53C /* Sources */ = {
			isa = PBXSourcesBuildPhase;
			buildActionMask = 2147483647;
			files = (
				631B61AF1C1F03310044F53C /* DavidPlaceholderTextView.m in Sources */,
				631B61811C1F02C90044F53C /* ViewController.m in Sources */,
				631B617E1C1F02C90044F53C /* AppDelegate.m in Sources */,
				631B617B1C1F02C90044F53C /* main.m in Sources */,
			);
			runOnlyForDeploymentPostprocessing = 0;
		};
		631B618B1C1F02C90044F53C /* Sources */ = {
			isa = PBXSourcesBuildPhase;
			buildActionMask = 2147483647;
			files = (
				631B61941C1F02C90044F53C /* DavidPlaceholderTextViewTests.m in Sources */,
			);
			runOnlyForDeploymentPostprocessing = 0;
		};
		631B61961C1F02C90044F53C /* Sources */ = {
			isa = PBXSourcesBuildPhase;
			buildActionMask = 2147483647;
			files = (
				631B619F1C1F02C90044F53C /* DavidPlaceholderTextViewUITests.m in Sources */,
			);
			runOnlyForDeploymentPostprocessing = 0;
		};
/* End PBXSourcesBuildPhase section */

/* Begin PBXTargetDependency section */
		631B61911C1F02C90044F53C /* PBXTargetDependency */ = {
			isa = PBXTargetDependency;
			target = 631B61751C1F02C90044F53C /* DavidPlaceholderTextView */;
			targetProxy = 631B61901C1F02C90044F53C /* PBXContainerItemProxy */;
		};
		631B619C1C1F02C90044F53C /* PBXTargetDependency */ = {
			isa = PBXTargetDependency;
			target = 631B61751C1F02C90044F53C /* DavidPlaceholderTextView */;
			targetProxy = 631B619B1C1F02C90044F53C /* PBXContainerItemProxy */;
		};
/* End PBXTargetDependency section */

/* Begin PBXVariantGroup section */
		631B61871C1F02C90044F53C /* LaunchScreen.storyboard */ = {
			isa = PBXVariantGroup;
			children = (
				631B61881C1F02C90044F53C /* Base */,
			);
			name = LaunchScreen.storyboard;
			sourceTree = "<group>";
		};
/* End PBXVariantGroup section */

/* Begin XCBuildConfiguration section */
		631B61A11C1F02C90044F53C /* Debug */ = {
			isa = XCBuildConfiguration;
			buildSettings = {
				ALWAYS_SEARCH_USER_PATHS = NO;
				CLANG_CXX_LANGUAGE_STANDARD = "gnu++0x";
				CLANG_CXX_LIBRARY = "libc++";
				CLANG_ENABLE_MODULES = YES;
				CLANG_ENABLE_OBJC_ARC = YES;
				CLANG_WARN_BOOL_CONVERSION = YES;
				CLANG_WARN_CONSTANT_CONVERSION = YES;
				CLANG_WARN_DIRECT_OBJC_ISA_USAGE = YES_ERROR;
				CLANG_WARN_EMPTY_BODY = YES;
				CLANG_WARN_ENUM_CONVERSION = YES;
				CLANG_WARN_INT_CONVERSION = YES;
				CLANG_WARN_OBJC_ROOT_CLASS = YES_ERROR;
				CLANG_WARN_UNREACHABLE_CODE = YES;
				CLANG_WARN__DUPLICATE_METHOD_MATCH = YES;
				"CODE_SIGN_IDENTITY[sdk=iphoneos*]" = "iPhone Developer";
				COPY_PHASE_STRIP = NO;
				DEBUG_INFORMATION_FORMAT = dwarf;
				ENABLE_STRICT_OBJC_MSGSEND = YES;
				ENABLE_TESTABILITY = YES;
				GCC_C_LANGUAGE_STANDARD = gnu99;
				GCC_DYNAMIC_NO_PIC = NO;
				GCC_NO_COMMON_BLOCKS = YES;
				GCC_OPTIMIZATION_LEVEL = 0;
				GCC_PREPROCESSOR_DEFINITIONS = (
					"DEBUG=1",
					"$(inherited)",
				);
				GCC_WARN_64_TO_32_BIT_CONVERSION = YES;
				GCC_WARN_ABOUT_RETURN_TYPE = YES_ERROR;
				GCC_WARN_UNDECLARED_SELECTOR = YES;
				GCC_WARN_UNINITIALIZED_AUTOS = YES_AGGRESSIVE;
				GCC_WARN_UNUSED_FUNCTION = YES;
				GCC_WARN_UNUSED_VARIABLE = YES;
				IPHONEOS_DEPLOYMENT_TARGET = 9.2;
				MTL_ENABLE_DEBUG_INFO = YES;
				ONLY_ACTIVE_ARCH = YES;
				SDKROOT = iphoneos;
				TARGETED_DEVICE_FAMILY = "1,2";
			};
			name = Debug;
		};
		631B61A21C1F02C90044F53C /* Release */ = {
			isa = XCBuildConfiguration;
			buildSettings = {
				ALWAYS_SEARCH_USER_PATHS = NO;
				CLANG_CXX_LANGUAGE_STANDARD = "gnu++0x";
				CLANG_CXX_LIBRARY = "libc++";
				CLANG_ENABLE_MODULES = YES;
				CLANG_ENABLE_OBJC_ARC = YES;
				CLANG_WARN_BOOL_CONVERSION = YES;
				CLANG_WARN_CONSTANT_CONVERSION = YES;
				CLANG_WARN_DIRECT_OBJC_ISA_USAGE = YES_ERROR;
				CLANG_WARN_EMPTY_BODY = YES;
				CLANG_WARN_ENUM_CONVERSION = YES;
				CLANG_WARN_INT_CONVERSION = YES;
				CLANG_WARN_OBJC_ROOT_CLASS = YES_ERROR;
				CLANG_WARN_UNREACHABLE_CODE = YES;
				CLANG_WARN__DUPLICATE_METHOD_MATCH = YES;
				"CODE_SIGN_IDENTITY[sdk=iphoneos*]" = "iPhone Developer";
				COPY_PHASE_STRIP = NO;
				DEBUG_INFORMATION_FORMAT = "dwarf-with-dsym";
				ENABLE_NS_ASSERTIONS = NO;
				ENABLE_STRICT_OBJC_MSGSEND = YES;
				GCC_C_LANGUAGE_STANDARD = gnu99;
				GCC_NO_COMMON_BLOCKS = YES;
				GCC_WARN_64_TO_32_BIT_CONVERSION = YES;
				GCC_WARN_ABOUT_RETURN_TYPE = YES_ERROR;
				GCC_WARN_UNDECLARED_SELECTOR = YES;
				GCC_WARN_UNINITIALIZED_AUTOS = YES_AGGRESSIVE;
				GCC_WARN_UNUSED_FUNCTION = YES;
				GCC_WARN_UNUSED_VARIABLE = YES;
				IPHONEOS_DEPLOYMENT_TARGET = 9.2;
				MTL_ENABLE_DEBUG_INFO = NO;
				SDKROOT = iphoneos;
				TARGETED_DEVICE_FAMILY = "1,2";
				VALIDATE_PRODUCT = YES;
			};
			name = Release;
		};
		631B61A41C1F02C90044F53C /* Debug */ = {
			isa = XCBuildConfiguration;
			buildSettings = {
				ASSETCATALOG_COMPILER_APPICON_NAME = AppIcon;
				INFOPLIST_FILE = DavidPlaceholderTextView/Info.plist;
				IPHONEOS_DEPLOYMENT_TARGET = 9.0;
				LD_RUNPATH_SEARCH_PATHS = "$(inherited) @executable_path/Frameworks";
				PRODUCT_BUNDLE_IDENTIFIER = david.com.cn.DavidPlaceholderTextView;
				PRODUCT_NAME = "$(TARGET_NAME)";
			};
			name = Debug;
		};
		631B61A51C1F02C90044F53C /* Release */ = {
			isa = XCBuildConfiguration;
			buildSettings = {
				ASSETCATALOG_COMPILER_APPICON_NAME = AppIcon;
				INFOPLIST_FILE = DavidPlaceholderTextView/Info.plist;
				IPHONEOS_DEPLOYMENT_TARGET = 9.0;
				LD_RUNPATH_SEARCH_PATHS = "$(inherited) @executable_path/Frameworks";
				PRODUCT_BUNDLE_IDENTIFIER = david.com.cn.DavidPlaceholderTextView;
				PRODUCT_NAME = "$(TARGET_NAME)";
			};
			name = Release;
		};
		631B61A71C1F02C90044F53C /* Debug */ = {
			isa = XCBuildConfiguration;
			buildSettings = {
				BUNDLE_LOADER = "$(TEST_HOST)";
				INFOPLIST_FILE = DavidPlaceholderTextViewTests/Info.plist;
				LD_RUNPATH_SEARCH_PATHS = "$(inherited) @executable_path/Frameworks @loader_path/Frameworks";
				PRODUCT_BUNDLE_IDENTIFIER = david.com.cn.DavidPlaceholderTextViewTests;
				PRODUCT_NAME = "$(TARGET_NAME)";
				TEST_HOST = "$(BUILT_PRODUCTS_DIR)/DavidPlaceholderTextView.app/DavidPlaceholderTextView";
			};
			name = Debug;
		};
		631B61A81C1F02C90044F53C /* Release */ = {
			isa = XCBuildConfiguration;
			buildSettings = {
				BUNDLE_LOADER = "$(TEST_HOST)";
				INFOPLIST_FILE = DavidPlaceholderTextViewTests/Info.plist;
				LD_RUNPATH_SEARCH_PATHS = "$(inherited) @executable_path/Frameworks @loader_path/Frameworks";
				PRODUCT_BUNDLE_IDENTIFIER = david.com.cn.DavidPlaceholderTextViewTests;
				PRODUCT_NAME = "$(TARGET_NAME)";
				TEST_HOST = "$(BUILT_PRODUCTS_DIR)/DavidPlaceholderTextView.app/DavidPlaceholderTextView";
			};
			name = Release;
		};
		631B61AA1C1F02C90044F53C /* Debug */ = {
			isa = XCBuildConfiguration;
			buildSettings = {
				INFOPLIST_FILE = DavidPlaceholderTextViewUITests/Info.plist;
				LD_RUNPATH_SEARCH_PATHS = "$(inherited) @executable_path/Frameworks @loader_path/Frameworks";
				PRODUCT_BUNDLE_IDENTIFIER = david.com.cn.DavidPlaceholderTextViewUITests;
				PRODUCT_NAME = "$(TARGET_NAME)";
				TEST_TARGET_NAME = DavidPlaceholderTextView;
				USES_XCTRUNNER = YES;
			};
			name = Debug;
		};
		631B61AB1C1F02C90044F53C /* Release */ = {
			isa = XCBuildConfiguration;
			buildSettings = {
				INFOPLIST_FILE = DavidPlaceholderTextViewUITests/Info.plist;
				LD_RUNPATH_SEARCH_PATHS = "$(inherited) @executable_path/Frameworks @loader_path/Frameworks";
				PRODUCT_BUNDLE_IDENTIFIER = david.com.cn.DavidPlaceholderTextViewUITests;
				PRODUCT_NAME = "$(TARGET_NAME)";
				TEST_TARGET_NAME = DavidPlaceholderTextView;
				USES_XCTRUNNER = YES;
			};
			name = Release;
		};
/* End XCBuildConfiguration section */

/* Begin XCConfigurationList section */
		631B61711C1F02C90044F53C /* Build configuration list for PBXProject "DavidPlaceholderTextView" */ = {
			isa = XCConfigurationList;
			buildConfigurations = (
				631B61A11C1F02C90044F53C /* Debug */,
				631B61A21C1F02C90044F53C /* Release */,
			);
			defaultConfigurationIsVisible = 0;
			defaultConfigurationName = Release;
		};
		631B61A31C1F02C90044F53C /* Build configuration list for PBXNativeTarget "DavidPlaceholderTextView" */ = {
			isa = XCConfigurationList;
			buildConfigurations = (
				631B61A41C1F02C90044F53C /* Debug */,
				631B61A51C1F02C90044F53C /* Release */,
			);
			defaultConfigurationIsVisible = 0;
		};
		631B61A61C1F02C90044F53C /* Build configuration list for PBXNativeTarget "DavidPlaceholderTextViewTests" */ = {
			isa = XCConfigurationList;
			buildConfigurations = (
				631B61A71C1F02C90044F53C /* Debug */,
				631B61A81C1F02C90044F53C /* Release */,
			);
			defaultConfigurationIsVisible = 0;
		};
		631B61A91C1F02C90044F53C /* Build configuration list for PBXNativeTarget "DavidPlaceholderTextViewUITests" */ = {
			isa = XCConfigurationList;
			buildConfigurations = (
				631B61AA1C1F02C90044F53C /* Debug */,
				631B61AB1C1F02C90044F53C /* Release */,
			);
			defaultConfigurationIsVisible = 0;
		};
/* End XCConfigurationList section */
	};
	rootObject = 631B616E1C1F02C90044F53C /* Project object */;
}
